{
  "name": "react",
  "version": "16.0.0",
  "lockfileVersion": 1,
  "requires": true,
  "dependencies": {
    "chalk": {
      "version": "1.1.3",
      "resolved": "https://registry.npmjs.org/chalk/-/chalk-1.1.3.tgz",
      "integrity": "sha1-qBFcVeSnAv5NFQq9OHKCKn4J/Jg=",
      "dev": true,
      "requires": {
        "ansi-styles": "2.2.1",
        "escape-string-regexp": "1.0.5",
        "has-ansi": "2.0.0",
        "strip-ansi": "3.0.1",
        "supports-color": "2.0.0"
      },
      "dependencies": {
        "ansi-regex": {
          "version": "2.1.1",
          "resolved": "https://registry.npmjs.org/ansi-regex/-/ansi-regex-2.1.1.tgz",
          "integrity": "sha1-w7M6te42DYbg5ijwRorn7yfWVN8=",
          "dev": true
        },
        "ansi-styles": {
          "version": "2.2.1",
          "resolved": "https://registry.npmjs.org/ansi-styles/-/ansi-styles-2.2.1.tgz",
          "integrity": "sha1-tDLdM1i2NM914eRmQ2gkBTPB3b4=",
          "dev": true
        },
        "has-ansi": {
          "version": "2.0.0",
          "resolved": "https://registry.npmjs.org/has-ansi/-/has-ansi-2.0.0.tgz",
          "integrity": "sha1-NPUEnOHs3ysGSa8+8k5F7TVBbZE=",
          "dev": true,
          "requires": {
            "ansi-regex": "2.1.1"
          }
        },
        "strip-ansi": {
          "version": "3.0.1",
          "resolved": "https://registry.npmjs.org/strip-ansi/-/strip-ansi-3.0.1.tgz",
          "integrity": "sha1-ajhfuIU9lS1f8F0Oiq+UJ43GPc8=",
          "dev": true,
          "requires": {
            "ansi-regex": "2.1.1"
          }
        },
        "supports-color": {
          "version": "2.0.0",
          "resolved": "https://registry.npmjs.org/supports-color/-/supports-color-2.0.0.tgz",
          "integrity": "sha1-U10EXOa2Nj+kARcIRimZXp3zJMc=",
          "dev": true
        }
      }
    },
    "escape-string-regexp": {
      "version": "1.0.5",
      "resolved": "https://registry.npmjs.org/escape-string-regexp/-/escape-string-regexp-1.0.5.tgz",
      "integrity": "sha1-G2HAViGQqN/2rjuyzwIAyhMLhtQ=",
      "dev": true
    },
    "minimist": {
      "version": "1.2.0",
      "resolved": "https://registry.npmjs.org/minimist/-/minimist-1.2.0.tgz",
      "integrity": "sha1-o1AIsg9BOD7sH7kU9M1d95omQoQ=",
      "dev": true
    },
    "prettier": {
      "version": "1.2.2",
      "resolved": "https://registry.npmjs.org/prettier/-/prettier-1.2.2.tgz",
      "integrity": "sha1-ItF8ETL6quofHU+uox8Z96GVnz4=",
      "dev": true,
      "requires": {
        "ast-types": "0.9.8",
        "babel-code-frame": "6.22.0",
        "babylon": "7.0.0-beta.8",
        "chalk": "1.1.3",
        "esutils": "2.0.2",
        "flow-parser": "0.43.0",
        "get-stdin": "5.0.1",
        "glob": "7.1.1",
        "jest-validate": "19.0.0",
        "minimist": "1.2.0"
      },
      "dependencies": {
        "ansi-styles": {
          "version": "3.2.0",
          "resolved": "https://registry.npmjs.org/ansi-styles/-/ansi-styles-3.2.0.tgz",
          "integrity": "sha512-NnSOmMEYtVR2JVMIGTzynRkkaxtiq1xnFBcdQD/DnNCYPoEPsVJhM98BDyaoNOQIi7p4okdi3E27eN7GQbsUug==",
          "dev": true,
          "requires": {
            "color-convert": "1.9.0"
          }
        },
        "ast-types": {
          "version": "0.9.8",
          "resolved": "https://registry.npmjs.org/ast-types/-/ast-types-0.9.8.tgz",
          "integrity": "sha1-bLakC+ujH0nyCSjihDn8FKPasHg=",
          "dev": true
        },
        "babel-code-frame": {
          "version": "6.22.0",
          "resolved": "https://registry.npmjs.org/babel-code-frame/-/babel-code-frame-6.22.0.tgz",
          "integrity": "sha1-AnYgvuVnqIwyVhV05/0IAdMxGOQ=",
          "dev": true,
          "requires": {
            "chalk": "1.1.3",
            "esutils": "2.0.2",
            "js-tokens": "3.0.2"
          }
        },
        "babylon": {
          "version": "7.0.0-beta.8",
          "resolved": "https://registry.npmjs.org/babylon/-/babylon-7.0.0-beta.8.tgz",
          "integrity": "sha1-K9xa42YEFELCfgaMzm8NfAbqmUk=",
          "dev": true
        },
        "balanced-match": {
          "version": "1.0.0",
          "resolved": "https://registry.npmjs.org/balanced-match/-/balanced-match-1.0.0.tgz",
          "integrity": "sha1-ibTRmasr7kneFk6gK4nORi1xt2c=",
          "dev": true
        },
        "brace-expansion": {
          "version": "1.1.8",
          "resolved": "https://registry.npmjs.org/brace-expansion/-/brace-expansion-1.1.8.tgz",
          "integrity": "sha1-wHshHHyVLsH479Uad+8NHTmQopI=",
          "dev": true,
          "requires": {
            "balanced-match": "1.0.0",
            "concat-map": "0.0.1"
          }
        },
        "color-convert": {
          "version": "1.9.0",
          "resolved": "https://registry.npmjs.org/color-convert/-/color-convert-1.9.0.tgz",
          "integrity": "sha1-Gsz5fdc5uYO/mU1W/sj5WFNkG3o=",
          "dev": true,
          "requires": {
            "color-name": "1.1.3"
          }
        },
        "color-name": {
          "version": "1.1.3",
          "resolved": "https://registry.npmjs.org/color-name/-/color-name-1.1.3.tgz",
          "integrity": "sha1-p9BVi9icQveV3UIyj3QIMcpTvCU=",
          "dev": true
        },
        "concat-map": {
          "version": "0.0.1",
          "resolved": "https://registry.npmjs.org/concat-map/-/concat-map-0.0.1.tgz",
          "integrity": "sha1-2Klr13/Wjfd5OnMDajug1UBdR3s=",
          "dev": true
        },
        "esutils": {
          "version": "2.0.2",
          "resolved": "https://registry.npmjs.org/esutils/-/esutils-2.0.2.tgz",
          "integrity": "sha1-Cr9PHKpbyx96nYrMbepPqqBLrJs=",
          "dev": true
        },
        "flow-parser": {
          "version": "0.43.0",
          "resolved": "https://registry.npmjs.org/flow-parser/-/flow-parser-0.43.0.tgz",
          "integrity": "sha1-4rjrGsg91T97awSnw1tqUsM0ebc=",
          "dev": true
        },
        "fs.realpath": {
          "version": "1.0.0",
          "resolved": "https://registry.npmjs.org/fs.realpath/-/fs.realpath-1.0.0.tgz",
          "integrity": "sha1-FQStJSMVjKpA20onh8sBQRmU6k8=",
          "dev": true
        },
        "get-stdin": {
          "version": "5.0.1",
          "resolved": "https://registry.npmjs.org/get-stdin/-/get-stdin-5.0.1.tgz",
          "integrity": "sha1-Ei4WFZHiH/TFJTAwVpPyDmOTo5g=",
          "dev": true
        },
        "glob": {
          "version": "7.1.1",
          "resolved": "https://registry.npmjs.org/glob/-/glob-7.1.1.tgz",
          "integrity": "sha1-gFIR3wT6rxxjo2ADBs31reULLsg=",
          "dev": true,
          "requires": {
            "fs.realpath": "1.0.0",
            "inflight": "1.0.6",
            "inherits": "2.0.3",
            "minimatch": "3.0.4",
            "once": "1.4.0",
            "path-is-absolute": "1.0.1"
          }
        },
        "inflight": {
          "version": "1.0.6",
          "resolved": "https://registry.npmjs.org/inflight/-/inflight-1.0.6.tgz",
          "integrity": "sha1-Sb1jMdfQLQwJvJEKEHW6gWW1bfk=",
          "dev": true,
          "requires": {
            "once": "1.4.0",
            "wrappy": "1.0.2"
          }
        },
        "inherits": {
          "version": "2.0.3",
          "resolved": "https://registry.npmjs.org/inherits/-/inherits-2.0.3.tgz",
          "integrity": "sha1-Yzwsg+PaQqUC9SRmAiSA9CCCYd4=",
          "dev": true
        },
        "jest-matcher-utils": {
          "version": "19.0.0",
          "resolved": "https://registry.npmjs.org/jest-matcher-utils/-/jest-matcher-utils-19.0.0.tgz",
          "integrity": "sha1-Xs2bY1ZdKwAfYfv37Ex/U3lkVk0=",
          "dev": true,
          "requires": {
            "chalk": "1.1.3",
            "pretty-format": "19.0.0"
          }
        },
        "jest-validate": {
          "version": "19.0.0",
          "resolved": "https://registry.npmjs.org/jest-validate/-/jest-validate-19.0.0.tgz",
          "integrity": "sha1-jGMYog7P6roLpTeL+7gner3tQXM=",
          "dev": true,
          "requires": {
            "chalk": "1.1.3",
            "jest-matcher-utils": "19.0.0",
            "leven": "2.1.0",
            "pretty-format": "19.0.0"
          }
        },
        "js-tokens": {
          "version": "3.0.2",
          "resolved": "https://registry.npmjs.org/js-tokens/-/js-tokens-3.0.2.tgz",
          "integrity": "sha1-mGbfOVECEw449/mWvOtlRDIJwls=",
          "dev": true
        },
        "leven": {
          "version": "2.1.0",
          "resolved": "https://registry.npmjs.org/leven/-/leven-2.1.0.tgz",
          "integrity": "sha1-wuep93IJTe6dNCAq6KzORoeHVYA=",
          "dev": true
        },
        "minimatch": {
          "version": "3.0.4",
          "resolved": "https://registry.npmjs.org/minimatch/-/minimatch-3.0.4.tgz",
          "integrity": "sha512-yJHVQEhyqPLUTgt9B83PXu6W3rx4MvvHvSUvToogpwoGDOUQ+yDrR0HRot+yOCdCO7u4hX3pWft6kWBBcqh0UA==",
          "dev": true,
          "requires": {
            "brace-expansion": "1.1.8"
          }
        },
        "once": {
          "version": "1.4.0",
          "resolved": "https://registry.npmjs.org/once/-/once-1.4.0.tgz",
          "integrity": "sha1-WDsap3WWHUsROsF9nFC6753Xa9E=",
          "dev": true,
          "requires": {
            "wrappy": "1.0.2"
          }
        },
        "path-is-absolute": {
          "version": "1.0.1",
          "resolved": "https://registry.npmjs.org/path-is-absolute/-/path-is-absolute-1.0.1.tgz",
          "integrity": "sha1-F0uSaHNVNP+8es5r9TpanhtcX18=",
          "dev": true
        },
        "pretty-format": {
          "version": "19.0.0",
          "resolved": "https://registry.npmjs.org/pretty-format/-/pretty-format-19.0.0.tgz",
          "integrity": "sha1-VlMNMqy5ij+khRxOK503tCBoTIQ=",
          "dev": true,
          "requires": {
            "ansi-styles": "3.2.0"
          }
        },
        "wrappy": {
          "version": "1.0.2",
          "resolved": "https://registry.npmjs.org/wrappy/-/wrappy-1.0.2.tgz",
          "integrity": "sha1-tSQ9jz7BqjXxNkYFvA0QNuMKtp8=",
          "dev": true
        }
      }
    },
    "yarn": {
      "version": "1.2.1",
      "resolved": "https://registry.npmjs.org/yarn/-/yarn-1.2.1.tgz",
      "integrity": "sha1-DWKNwBQ4iBoWY6b4PL96xdt6dfw=",
      "dev": true
    }
  }
}
