# THIS IS AN AUTOGENERATED FILE. DO NOT EDIT THIS FILE DIRECTLY.
# yarn lockfile v1


JSONStream@^1.0.3:
  version "1.3.1"
  resolved "https://registry.yarnpkg.com/JSONStream/-/JSONStream-1.3.1.tgz#707f761e01dae9e16f1bcf93703b78c70966579a"
  dependencies:
    jsonparse "^1.2.0"
    through ">=2.2.7 <3"

acorn@^4.0.3:
  version "4.0.13"
  resolved "https://registry.yarnpkg.com/acorn/-/acorn-4.0.13.tgz#105495ae5361d697bd195c825192e1ad7f253787"

array-filter@~0.0.0:
  version "0.0.1"
  resolved "https://registry.yarnpkg.com/array-filter/-/array-filter-0.0.1.tgz#7da8cf2e26628ed732803581fd21f67cacd2eeec"

array-map@~0.0.0:
  version "0.0.0"
  resolved "https://registry.yarnpkg.com/array-map/-/array-map-0.0.0.tgz#88a2bab73d1cf7bcd5c1b118a003f66f665fa662"

array-reduce@~0.0.0:
  version "0.0.0"
  resolved "https://registry.yarnpkg.com/array-reduce/-/array-reduce-0.0.0.tgz#173899d3ffd1c7d9383e4479525dbe278cab5f2b"

asn1.js@^4.0.0:
  version "4.9.1"
  resolved "https://registry.yarnpkg.com/asn1.js/-/asn1.js-4.9.1.tgz#48ba240b45a9280e94748990ba597d216617fd40"
  dependencies:
    bn.js "^4.0.0"
    inherits "^2.0.1"
    minimalistic-assert "^1.0.0"

assert@^1.4.0:
  version "1.4.1"
  resolved "https://registry.yarnpkg.com/assert/-/assert-1.4.1.tgz#99912d591836b5a6f5b345c0f07eefc08fc65d91"
  dependencies:
    util "0.10.3"

astw@^2.0.0:
  version "2.2.0"
  resolved "https://registry.yarnpkg.com/astw/-/astw-2.2.0.tgz#7bd41784d32493987aeb239b6b4e1c57a873b917"
  dependencies:
    acorn "^4.0.3"

balanced-match@^1.0.0:
  version "1.0.0"
  resolved "https://registry.yarnpkg.com/balanced-match/-/balanced-match-1.0.0.tgz#89b4d199ab2bee49de164ea02b89ce462d71b767"

base64-js@^1.0.2:
  version "1.2.1"
  resolved "https://registry.yarnpkg.com/base64-js/-/base64-js-1.2.1.tgz#a91947da1f4a516ea38e5b4ec0ec3773675e0886"

bn.js@^4.0.0, bn.js@^4.1.0, bn.js@^4.1.1, bn.js@^4.4.0:
  version "4.11.8"
  resolved "https://registry.yarnpkg.com/bn.js/-/bn.js-4.11.8.tgz#2cde09eb5ee341f484746bb0309b3253b1b1442f"

brace-expansion@^1.1.7:
  version "1.1.8"
  resolved "https://registry.yarnpkg.com/brace-expansion/-/brace-expansion-1.1.8.tgz#c07b211c7c952ec1f8efd51a77ef0d1d3990a292"
  dependencies:
    balanced-match "^1.0.0"
    concat-map "0.0.1"

brorand@^1.0.1:
  version "1.1.0"
  resolved "https://registry.yarnpkg.com/brorand/-/brorand-1.1.0.tgz#12c25efe40a45e3c323eb8675a0a0ce57b22371f"

browser-pack@^6.0.1:
  version "6.0.2"
  resolved "https://registry.yarnpkg.com/browser-pack/-/browser-pack-6.0.2.tgz#f86cd6cef4f5300c8e63e07a4d512f65fbff4531"
  dependencies:
    JSONStream "^1.0.3"
    combine-source-map "~0.7.1"
    defined "^1.0.0"
    through2 "^2.0.0"
    umd "^3.0.0"

browser-resolve@^1.11.0, browser-resolve@^1.7.0:
  version "1.11.2"
  resolved "https://registry.yarnpkg.com/browser-resolve/-/browser-resolve-1.11.2.tgz#8ff09b0a2c421718a1051c260b32e48f442938ce"
  dependencies:
    resolve "1.1.7"

browserify-aes@^1.0.0, browserify-aes@^1.0.4:
  version "1.1.0"
  resolved "https://registry.yarnpkg.com/browserify-aes/-/browserify-aes-1.1.0.tgz#1d2ad62a8b479f23f0ab631c1be86a82dbccbe48"
  dependencies:
    buffer-xor "^1.0.3"
    cipher-base "^1.0.0"
    create-hash "^1.1.0"
    evp_bytestokey "^1.0.3"
    inherits "^2.0.1"
    safe-buffer "^5.0.1"

browserify-cipher@^1.0.0:
  version "1.0.0"
  resolved "https://registry.yarnpkg.com/browserify-cipher/-/browserify-cipher-1.0.0.tgz#9988244874bf5ed4e28da95666dcd66ac8fc363a"
  dependencies:
    browserify-aes "^1.0.4"
    browserify-des "^1.0.0"
    evp_bytestokey "^1.0.0"

browserify-des@^1.0.0:
  version "1.0.0"
  resolved "https://registry.yarnpkg.com/browserify-des/-/browserify-des-1.0.0.tgz#daa277717470922ed2fe18594118a175439721dd"
  dependencies:
    cipher-base "^1.0.1"
    des.js "^1.0.0"
    inherits "^2.0.1"

browserify-rsa@^4.0.0:
  version "4.0.1"
  resolved "https://registry.yarnpkg.com/browserify-rsa/-/browserify-rsa-4.0.1.tgz#21e0abfaf6f2029cf2fafb133567a701d4135524"
  dependencies:
    bn.js "^4.1.0"
    randombytes "^2.0.1"

browserify-sign@^4.0.0:
  version "4.0.4"
  resolved "https://registry.yarnpkg.com/browserify-sign/-/browserify-sign-4.0.4.tgz#aa4eb68e5d7b658baa6bf6a57e630cbd7a93d298"
  dependencies:
    bn.js "^4.1.1"
    browserify-rsa "^4.0.0"
    create-hash "^1.1.0"
    create-hmac "^1.1.2"
    elliptic "^6.0.0"
    inherits "^2.0.1"
    parse-asn1 "^5.0.0"

browserify-zlib@~0.1.2:
  version "0.1.4"
  resolved "https://registry.yarnpkg.com/browserify-zlib/-/browserify-zlib-0.1.4.tgz#bb35f8a519f600e0fa6b8485241c979d0141fb2d"
  dependencies:
    pako "~0.2.0"

browserify@^13.3.0:
  version "13.3.0"
  resolved "https://registry.yarnpkg.com/browserify/-/browserify-13.3.0.tgz#b5a9c9020243f0c70e4675bec8223bc627e415ce"
  dependencies:
    JSONStream "^1.0.3"
    assert "^1.4.0"
    browser-pack "^6.0.1"
    browser-resolve "^1.11.0"
    browserify-zlib "~0.1.2"
    buffer "^4.1.0"
    cached-path-relative "^1.0.0"
    concat-stream "~1.5.1"
    console-browserify "^1.1.0"
    constants-browserify "~1.0.0"
    crypto-browserify "^3.0.0"
    defined "^1.0.0"
    deps-sort "^2.0.0"
    domain-browser "~1.1.0"
    duplexer2 "~0.1.2"
    events "~1.1.0"
    glob "^7.1.0"
    has "^1.0.0"
    htmlescape "^1.1.0"
    https-browserify "~0.0.0"
    inherits "~2.0.1"
    insert-module-globals "^7.0.0"
    labeled-stream-splicer "^2.0.0"
    module-deps "^4.0.8"
    os-browserify "~0.1.1"
    parents "^1.0.1"
    path-browserify "~0.0.0"
    process "~0.11.0"
    punycode "^1.3.2"
    querystring-es3 "~0.2.0"
    read-only-stream "^2.0.0"
    readable-stream "^2.0.2"
    resolve "^1.1.4"
    shasum "^1.0.0"
    shell-quote "^1.6.1"
    stream-browserify "^2.0.0"
    stream-http "^2.0.0"
    string_decoder "~0.10.0"
    subarg "^1.0.0"
    syntax-error "^1.1.1"
    through2 "^2.0.0"
    timers-browserify "^1.0.1"
    tty-browserify "~0.0.0"
    url "~0.11.0"
    util "~0.10.1"
    vm-browserify "~0.0.1"
    xtend "^4.0.0"

buffer-xor@^1.0.3:
  version "1.0.3"
  resolved "https://registry.yarnpkg.com/buffer-xor/-/buffer-xor-1.0.3.tgz#26e61ed1422fb70dd42e6e36729ed51d855fe8d9"

buffer@^4.1.0:
  version "4.9.1"
  resolved "https://registry.yarnpkg.com/buffer/-/buffer-4.9.1.tgz#6d1bb601b07a4efced97094132093027c95bc298"
  dependencies:
    base64-js "^1.0.2"
    ieee754 "^1.1.4"
    isarray "^1.0.0"

builtin-status-codes@^3.0.0:
  version "3.0.0"
  resolved "https://registry.yarnpkg.com/builtin-status-codes/-/builtin-status-codes-3.0.0.tgz#85982878e21b98e1c66425e03d0174788f569ee8"

cached-path-relative@^1.0.0:
  version "1.0.1"
  resolved "https://registry.yarnpkg.com/cached-path-relative/-/cached-path-relative-1.0.1.tgz#d09c4b52800aa4c078e2dd81a869aac90d2e54e7"

cipher-base@^1.0.0, cipher-base@^1.0.1, cipher-base@^1.0.3:
  version "1.0.4"
  resolved "https://registry.yarnpkg.com/cipher-base/-/cipher-base-1.0.4.tgz#8760e4ecc272f4c363532f926d874aae2c1397de"
  dependencies:
    inherits "^2.0.1"
    safe-buffer "^5.0.1"

combine-source-map@~0.7.1:
  version "0.7.2"
  resolved "https://registry.yarnpkg.com/combine-source-map/-/combine-source-map-0.7.2.tgz#0870312856b307a87cc4ac486f3a9a62aeccc09e"
  dependencies:
    convert-source-map "~1.1.0"
    inline-source-map "~0.6.0"
    lodash.memoize "~3.0.3"
    source-map "~0.5.3"

concat-map@0.0.1:
  version "0.0.1"
  resolved "https://registry.yarnpkg.com/concat-map/-/concat-map-0.0.1.tgz#d8a96bd77fd68df7793a73036a3ba0d5405d477b"

concat-stream@~1.5.0, concat-stream@~1.5.1:
  version "1.5.2"
  resolved "https://registry.yarnpkg.com/concat-stream/-/concat-stream-1.5.2.tgz#708978624d856af41a5a741defdd261da752c266"
  dependencies:
    inherits "~2.0.1"
    readable-stream "~2.0.0"
    typedarray "~0.0.5"

console-browserify@^1.1.0:
  version "1.1.0"
  resolved "https://registry.yarnpkg.com/console-browserify/-/console-browserify-1.1.0.tgz#f0241c45730a9fc6323b206dbf38edc741d0bb10"
  dependencies:
    date-now "^0.1.4"

constants-browserify@~1.0.0:
  version "1.0.0"
  resolved "https://registry.yarnpkg.com/constants-browserify/-/constants-browserify-1.0.0.tgz#c20b96d8c617748aaf1c16021760cd27fcb8cb75"

convert-source-map@~1.1.0:
  version "1.1.3"
  resolved "https://registry.yarnpkg.com/convert-source-map/-/convert-source-map-1.1.3.tgz#4829c877e9fe49b3161f3bf3673888e204699860"

core-util-is@~1.0.0:
  version "1.0.2"
  resolved "https://registry.yarnpkg.com/core-util-is/-/core-util-is-1.0.2.tgz#b5fd54220aa2bc5ab57aab7140c940754503c1a7"

create-ecdh@^4.0.0:
  version "4.0.0"
  resolved "https://registry.yarnpkg.com/create-ecdh/-/create-ecdh-4.0.0.tgz#888c723596cdf7612f6498233eebd7a35301737d"
  dependencies:
    bn.js "^4.1.0"
    elliptic "^6.0.0"

create-hash@^1.1.0, create-hash@^1.1.2:
  version "1.1.3"
  resolved "https://registry.yarnpkg.com/create-hash/-/create-hash-1.1.3.tgz#606042ac8b9262750f483caddab0f5819172d8fd"
  dependencies:
    cipher-base "^1.0.1"
    inherits "^2.0.1"
    ripemd160 "^2.0.0"
    sha.js "^2.4.0"

create-hmac@^1.1.0, create-hmac@^1.1.2, create-hmac@^1.1.4:
  version "1.1.6"
  resolved "https://registry.yarnpkg.com/create-hmac/-/create-hmac-1.1.6.tgz#acb9e221a4e17bdb076e90657c42b93e3726cf06"
  dependencies:
    cipher-base "^1.0.3"
    create-hash "^1.1.0"
    inherits "^2.0.1"
    ripemd160 "^2.0.0"
    safe-buffer "^5.0.1"
    sha.js "^2.4.8"

crypto-browserify@^3.0.0:
  version "3.11.1"
  resolved "https://registry.yarnpkg.com/crypto-browserify/-/crypto-browserify-3.11.1.tgz#948945efc6757a400d6e5e5af47194d10064279f"
  dependencies:
    browserify-cipher "^1.0.0"
    browserify-sign "^4.0.0"
    create-ecdh "^4.0.0"
    create-hash "^1.1.0"
    create-hmac "^1.1.0"
    diffie-hellman "^5.0.0"
    inherits "^2.0.1"
    pbkdf2 "^3.0.3"
    public-encrypt "^4.0.0"
    randombytes "^2.0.0"

date-now@^0.1.4:
  version "0.1.4"
  resolved "https://registry.yarnpkg.com/date-now/-/date-now-0.1.4.tgz#eaf439fd4d4848ad74e5cc7dbef200672b9e345b"

defined@^1.0.0:
  version "1.0.0"
  resolved "https://registry.yarnpkg.com/defined/-/defined-1.0.0.tgz#c98d9bcef75674188e110969151199e39b1fa693"

deps-sort@^2.0.0:
  version "2.0.0"
  resolved "https://registry.yarnpkg.com/deps-sort/-/deps-sort-2.0.0.tgz#091724902e84658260eb910748cccd1af6e21fb5"
  dependencies:
    JSONStream "^1.0.3"
    shasum "^1.0.0"
    subarg "^1.0.0"
    through2 "^2.0.0"

des.js@^1.0.0:
  version "1.0.0"
  resolved "https://registry.yarnpkg.com/des.js/-/des.js-1.0.0.tgz#c074d2e2aa6a8a9a07dbd61f9a15c2cd83ec8ecc"
  dependencies:
    inherits "^2.0.1"
    minimalistic-assert "^1.0.0"

detective@^4.0.0:
  version "4.5.0"
  resolved "https://registry.yarnpkg.com/detective/-/detective-4.5.0.tgz#6e5a8c6b26e6c7a254b1c6b6d7490d98ec91edd1"
  dependencies:
    acorn "^4.0.3"
    defined "^1.0.0"

diffie-hellman@^5.0.0:
  version "5.0.2"
  resolved "https://registry.yarnpkg.com/diffie-hellman/-/diffie-hellman-5.0.2.tgz#b5835739270cfe26acf632099fded2a07f209e5e"
  dependencies:
    bn.js "^4.1.0"
    miller-rabin "^4.0.0"
    randombytes "^2.0.0"

domain-browser@~1.1.0:
  version "1.1.7"
  resolved "https://registry.yarnpkg.com/domain-browser/-/domain-browser-1.1.7.tgz#867aa4b093faa05f1de08c06f4d7b21fdf8698bc"

duplexer2@^0.1.2, duplexer2@~0.1.0, duplexer2@~0.1.2:
  version "0.1.4"
  resolved "https://registry.yarnpkg.com/duplexer2/-/duplexer2-0.1.4.tgz#8b12dab878c0d69e3e7891051662a32fc6bddcc1"
  dependencies:
    readable-stream "^2.0.2"

elliptic@^6.0.0:
  version "6.4.0"
  resolved "https://registry.yarnpkg.com/elliptic/-/elliptic-6.4.0.tgz#cac9af8762c85836187003c8dfe193e5e2eae5df"
  dependencies:
    bn.js "^4.4.0"
    brorand "^1.0.1"
    hash.js "^1.0.0"
    hmac-drbg "^1.0.0"
    inherits "^2.0.1"
    minimalistic-assert "^1.0.0"
    minimalistic-crypto-utils "^1.0.0"

envify@^4.0.0:
  version "4.1.0"
  resolved "https://registry.yarnpkg.com/envify/-/envify-4.1.0.tgz#f39ad3db9d6801b4e6b478b61028d3f0b6819f7e"
  dependencies:
    esprima "^4.0.0"
    through "~2.3.4"

esprima@^4.0.0:
  version "4.0.0"
  resolved "https://registry.yarnpkg.com/esprima/-/esprima-4.0.0.tgz#4499eddcd1110e0b218bacf2fa7f7f59f55ca804"

events@~1.1.0:
  version "1.1.1"
  resolved "https://registry.yarnpkg.com/events/-/events-1.1.1.tgz#9ebdb7635ad099c70dcc4c2a1f5004288e8bd924"

evp_bytestokey@^1.0.0, evp_bytestokey@^1.0.3:
  version "1.0.3"
  resolved "https://registry.yarnpkg.com/evp_bytestokey/-/evp_bytestokey-1.0.3.tgz#7fcbdb198dc71959432efe13842684e0525acb02"
  dependencies:
    md5.js "^1.3.4"
    safe-buffer "^5.1.1"

fs.realpath@^1.0.0:
  version "1.0.0"
  resolved "https://registry.yarnpkg.com/fs.realpath/-/fs.realpath-1.0.0.tgz#1504ad2523158caa40db4a2787cb01411994ea4f"

function-bind@^1.0.2:
  version "1.1.1"
  resolved "https://registry.yarnpkg.com/function-bind/-/function-bind-1.1.1.tgz#a56899d3ea3c9bab874bb9773b7c5ede92f4895d"

glob@^7.1.0:
  version "7.1.2"
  resolved "https://registry.yarnpkg.com/glob/-/glob-7.1.2.tgz#c19c9df9a028702d678612384a6552404c636d15"
  dependencies:
    fs.realpath "^1.0.0"
    inflight "^1.0.4"
    inherits "2"
    minimatch "^3.0.4"
    once "^1.3.0"
    path-is-absolute "^1.0.0"

has@^1.0.0:
  version "1.0.1"
  resolved "https://registry.yarnpkg.com/has/-/has-1.0.1.tgz#8461733f538b0837c9361e39a9ab9e9704dc2f28"
  dependencies:
    function-bind "^1.0.2"

hash-base@^2.0.0:
  version "2.0.2"
  resolved "https://registry.yarnpkg.com/hash-base/-/hash-base-2.0.2.tgz#66ea1d856db4e8a5470cadf6fce23ae5244ef2e1"
  dependencies:
    inherits "^2.0.1"

hash-base@^3.0.0:
  version "3.0.4"
  resolved "https://registry.yarnpkg.com/hash-base/-/hash-base-3.0.4.tgz#5fc8686847ecd73499403319a6b0a3f3f6ae4918"
  dependencies:
    inherits "^2.0.1"
    safe-buffer "^5.0.1"

hash.js@^1.0.0, hash.js@^1.0.3:
  version "1.1.3"
  resolved "https://registry.yarnpkg.com/hash.js/-/hash.js-1.1.3.tgz#340dedbe6290187151c1ea1d777a3448935df846"
  dependencies:
    inherits "^2.0.3"
    minimalistic-assert "^1.0.0"

hmac-drbg@^1.0.0:
  version "1.0.1"
  resolved "https://registry.yarnpkg.com/hmac-drbg/-/hmac-drbg-1.0.1.tgz#d2745701025a6c775a6c545793ed502fc0c649a1"
  dependencies:
    hash.js "^1.0.3"
    minimalistic-assert "^1.0.0"
    minimalistic-crypto-utils "^1.0.1"

htmlescape@^1.1.0:
  version "1.1.1"
  resolved "https://registry.yarnpkg.com/htmlescape/-/htmlescape-1.1.1.tgz#3a03edc2214bca3b66424a3e7959349509cb0351"

https-browserify@~0.0.0:
  version "0.0.1"
  resolved "https://registry.yarnpkg.com/https-browserify/-/https-browserify-0.0.1.tgz#3f91365cabe60b77ed0ebba24b454e3e09d95a82"

ieee754@^1.1.4:
  version "1.1.8"
  resolved "https://registry.yarnpkg.com/ieee754/-/ieee754-1.1.8.tgz#be33d40ac10ef1926701f6f08a2d86fbfd1ad3e4"

indexof@0.0.1:
  version "0.0.1"
  resolved "https://registry.yarnpkg.com/indexof/-/indexof-0.0.1.tgz#82dc336d232b9062179d05ab3293a66059fd435d"

inflight@^1.0.4:
  version "1.0.6"
  resolved "https://registry.yarnpkg.com/inflight/-/inflight-1.0.6.tgz#49bd6331d7d02d0c09bc910a1075ba8165b56df9"
  dependencies:
    once "^1.3.0"
    wrappy "1"

inherits@2, inherits@^2.0.1, inherits@^2.0.3, inherits@~2.0.1, inherits@~2.0.3:
  version "2.0.3"
  resolved "https://registry.yarnpkg.com/inherits/-/inherits-2.0.3.tgz#633c2c83e3da42a502f52466022480f4208261de"

inherits@2.0.1:
  version "2.0.1"
  resolved "https://registry.yarnpkg.com/inherits/-/inherits-2.0.1.tgz#b17d08d326b4423e568eff719f91b0b1cbdf69f1"

inline-source-map@~0.6.0:
  version "0.6.2"
  resolved "https://registry.yarnpkg.com/inline-source-map/-/inline-source-map-0.6.2.tgz#f9393471c18a79d1724f863fa38b586370ade2a5"
  dependencies:
    source-map "~0.5.3"

insert-module-globals@^7.0.0:
  version "7.0.1"
  resolved "https://registry.yarnpkg.com/insert-module-globals/-/insert-module-globals-7.0.1.tgz#c03bf4e01cb086d5b5e5ace8ad0afe7889d638c3"
  dependencies:
    JSONStream "^1.0.3"
    combine-source-map "~0.7.1"
    concat-stream "~1.5.1"
    is-buffer "^1.1.0"
    lexical-scope "^1.2.0"
    process "~0.11.0"
    through2 "^2.0.0"
    xtend "^4.0.0"

is-buffer@^1.1.0:
  version "1.1.5"
  resolved "https://registry.yarnpkg.com/is-buffer/-/is-buffer-1.1.5.tgz#1f3b26ef613b214b88cbca23cc6c01d87961eecc"

isarray@^1.0.0, isarray@~1.0.0:
  version "1.0.0"
  resolved "https://registry.yarnpkg.com/isarray/-/isarray-1.0.0.tgz#bb935d48582cba168c06834957a54a3e07124f11"

isarray@~0.0.1:
  version "0.0.1"
  resolved "https://registry.yarnpkg.com/isarray/-/isarray-0.0.1.tgz#8a18acfca9a8f4177e09abfc6038939b05d1eedf"

json-stable-stringify@~0.0.0:
  version "0.0.1"
  resolved "https://registry.yarnpkg.com/json-stable-stringify/-/json-stable-stringify-0.0.1.tgz#611c23e814db375527df851193db59dd2af27f45"
  dependencies:
    jsonify "~0.0.0"

jsonify@~0.0.0:
  version "0.0.0"
  resolved "https://registry.yarnpkg.com/jsonify/-/jsonify-0.0.0.tgz#2c74b6ee41d93ca51b7b5aaee8f503631d252a73"

jsonparse@^1.2.0:
  version "1.3.1"
  resolved "https://registry.yarnpkg.com/jsonparse/-/jsonparse-1.3.1.tgz#3f4dae4a91fac315f71062f8521cc239f1366280"

labeled-stream-splicer@^2.0.0:
  version "2.0.0"
  resolved "https://registry.yarnpkg.com/labeled-stream-splicer/-/labeled-stream-splicer-2.0.0.tgz#a52e1d138024c00b86b1c0c91f677918b8ae0a59"
  dependencies:
    inherits "^2.0.1"
    isarray "~0.0.1"
    stream-splicer "^2.0.0"

lexical-scope@^1.2.0:
  version "1.2.0"
  resolved "https://registry.yarnpkg.com/lexical-scope/-/lexical-scope-1.2.0.tgz#fcea5edc704a4b3a8796cdca419c3a0afaf22df4"
  dependencies:
    astw "^2.0.0"

lodash.memoize@~3.0.3:
  version "3.0.4"
  resolved "https://registry.yarnpkg.com/lodash.memoize/-/lodash.memoize-3.0.4.tgz#2dcbd2c287cbc0a55cc42328bd0c736150d53e3f"

md5.js@^1.3.4:
  version "1.3.4"
  resolved "https://registry.yarnpkg.com/md5.js/-/md5.js-1.3.4.tgz#e9bdbde94a20a5ac18b04340fc5764d5b09d901d"
  dependencies:
    hash-base "^3.0.0"
    inherits "^2.0.1"

miller-rabin@^4.0.0:
  version "4.0.1"
  resolved "https://registry.yarnpkg.com/miller-rabin/-/miller-rabin-4.0.1.tgz#f080351c865b0dc562a8462966daa53543c78a4d"
  dependencies:
    bn.js "^4.0.0"
    brorand "^1.0.1"

minimalistic-assert@^1.0.0:
  version "1.0.0"
  resolved "https://registry.yarnpkg.com/minimalistic-assert/-/minimalistic-assert-1.0.0.tgz#702be2dda6b37f4836bcb3f5db56641b64a1d3d3"

minimalistic-crypto-utils@^1.0.0, minimalistic-crypto-utils@^1.0.1:
  version "1.0.1"
  resolved "https://registry.yarnpkg.com/minimalistic-crypto-utils/-/minimalistic-crypto-utils-1.0.1.tgz#f6c00c1c0b082246e5c4d99dfb8c7c083b2b582a"

minimatch@^3.0.4:
  version "3.0.4"
  resolved "https://registry.yarnpkg.com/minimatch/-/minimatch-3.0.4.tgz#5166e286457f03306064be5497e8dbb0c3d32083"
  dependencies:
    brace-expansion "^1.1.7"

minimist@^1.1.0:
  version "1.2.0"
  resolved "https://registry.yarnpkg.com/minimist/-/minimist-1.2.0.tgz#a35008b20f41383eec1fb914f4cd5df79a264284"

module-deps@^4.0.8:
  version "4.1.1"
  resolved "https://registry.yarnpkg.com/module-deps/-/module-deps-4.1.1.tgz#23215833f1da13fd606ccb8087b44852dcb821fd"
  dependencies:
    JSONStream "^1.0.3"
    browser-resolve "^1.7.0"
    cached-path-relative "^1.0.0"
    concat-stream "~1.5.0"
    defined "^1.0.0"
    detective "^4.0.0"
    duplexer2 "^0.1.2"
    inherits "^2.0.1"
    parents "^1.0.0"
    readable-stream "^2.0.2"
    resolve "^1.1.3"
    stream-combiner2 "^1.1.1"
    subarg "^1.0.0"
    through2 "^2.0.0"
    xtend "^4.0.0"

once@^1.3.0:
  version "1.4.0"
  resolved "https://registry.yarnpkg.com/once/-/once-1.4.0.tgz#583b1aa775961d4b113ac17d9c50baef9dd76bd1"
  dependencies:
    wrappy "1"

os-browserify@~0.1.1:
  version "0.1.2"
  resolved "https://registry.yarnpkg.com/os-browserify/-/os-browserify-0.1.2.tgz#49ca0293e0b19590a5f5de10c7f265a617d8fe54"

pako@~0.2.0:
  version "0.2.9"
  resolved "https://registry.yarnpkg.com/pako/-/pako-0.2.9.tgz#f3f7522f4ef782348da8161bad9ecfd51bf83a75"

parents@^1.0.0, parents@^1.0.1:
  version "1.0.1"
  resolved "https://registry.yarnpkg.com/parents/-/parents-1.0.1.tgz#fedd4d2bf193a77745fe71e371d73c3307d9c751"
  dependencies:
    path-platform "~0.11.15"

parse-asn1@^5.0.0:
  version "5.1.0"
  resolved "https://registry.yarnpkg.com/parse-asn1/-/parse-asn1-5.1.0.tgz#37c4f9b7ed3ab65c74817b5f2480937fbf97c712"
  dependencies:
    asn1.js "^4.0.0"
    browserify-aes "^1.0.0"
    create-hash "^1.1.0"
    evp_bytestokey "^1.0.0"
    pbkdf2 "^3.0.3"

path-browserify@~0.0.0:
  version "0.0.0"
  resolved "https://registry.yarnpkg.com/path-browserify/-/path-browserify-0.0.0.tgz#a0b870729aae214005b7d5032ec2cbbb0fb4451a"

path-is-absolute@^1.0.0:
  version "1.0.1"
  resolved "https://registry.yarnpkg.com/path-is-absolute/-/path-is-absolute-1.0.1.tgz#174b9268735534ffbc7ace6bf53a5a9e1b5c5f5f"

path-parse@^1.0.5:
  version "1.0.5"
  resolved "https://registry.yarnpkg.com/path-parse/-/path-parse-1.0.5.tgz#3c1adf871ea9cd6c9431b6ea2bd74a0ff055c4c1"

path-platform@~0.11.15:
  version "0.11.15"
  resolved "https://registry.yarnpkg.com/path-platform/-/path-platform-0.11.15.tgz#e864217f74c36850f0852b78dc7bf7d4a5721bf2"

pbkdf2@^3.0.3:
  version "3.0.14"
  resolved "https://registry.yarnpkg.com/pbkdf2/-/pbkdf2-3.0.14.tgz#a35e13c64799b06ce15320f459c230e68e73bade"
  dependencies:
    create-hash "^1.1.2"
    create-hmac "^1.1.4"
    ripemd160 "^2.0.1"
    safe-buffer "^5.0.1"
    sha.js "^2.4.8"

process-nextick-args@~1.0.6:
  version "1.0.7"
  resolved "https://registry.yarnpkg.com/process-nextick-args/-/process-nextick-args-1.0.7.tgz#150e20b756590ad3f91093f25a4f2ad8bff30ba3"

process@~0.11.0:
  version "0.11.10"
  resolved "https://registry.yarnpkg.com/process/-/process-0.11.10.tgz#7332300e840161bda3e69a1d1d91a7d4bc16f182"

public-encrypt@^4.0.0:
  version "4.0.0"
  resolved "https://registry.yarnpkg.com/public-encrypt/-/public-encrypt-4.0.0.tgz#39f699f3a46560dd5ebacbca693caf7c65c18cc6"
  dependencies:
    bn.js "^4.1.0"
    browserify-rsa "^4.0.0"
    create-hash "^1.1.0"
    parse-asn1 "^5.0.0"
    randombytes "^2.0.1"

punycode@1.3.2:
  version "1.3.2"
  resolved "https://registry.yarnpkg.com/punycode/-/punycode-1.3.2.tgz#9653a036fb7c1ee42342f2325cceefea3926c48d"

punycode@^1.3.2:
  version "1.4.1"
  resolved "https://registry.yarnpkg.com/punycode/-/punycode-1.4.1.tgz#c0d5a63b2718800ad8e1eb0fa5269c84dd41845e"

querystring-es3@~0.2.0:
  version "0.2.1"
  resolved "https://registry.yarnpkg.com/querystring-es3/-/querystring-es3-0.2.1.tgz#9ec61f79049875707d69414596fd907a4d711e73"

querystring@0.2.0:
  version "0.2.0"
  resolved "https://registry.yarnpkg.com/querystring/-/querystring-0.2.0.tgz#b209849203bb25df820da756e747005878521620"

randombytes@^2.0.0, randombytes@^2.0.1:
  version "2.0.5"
  resolved "https://registry.yarnpkg.com/randombytes/-/randombytes-2.0.5.tgz#dc009a246b8d09a177b4b7a0ae77bc570f4b1b79"
  dependencies:
    safe-buffer "^5.1.0"

read-only-stream@^2.0.0:
  version "2.0.0"
  resolved "https://registry.yarnpkg.com/read-only-stream/-/read-only-stream-2.0.0.tgz#2724fd6a8113d73764ac288d4386270c1dbf17f0"
  dependencies:
    readable-stream "^2.0.2"

readable-stream@^2.0.2, readable-stream@^2.1.5, readable-stream@^2.2.6:
  version "2.3.3"
  resolved "https://registry.yarnpkg.com/readable-stream/-/readable-stream-2.3.3.tgz#368f2512d79f9d46fdfc71349ae7878bbc1eb95c"
  dependencies:
    core-util-is "~1.0.0"
    inherits "~2.0.3"
    isarray "~1.0.0"
    process-nextick-args "~1.0.6"
    safe-buffer "~5.1.1"
    string_decoder "~1.0.3"
    util-deprecate "~1.0.1"

readable-stream@~2.0.0:
  version "2.0.6"
  resolved "https://registry.yarnpkg.com/readable-stream/-/readable-stream-2.0.6.tgz#8f90341e68a53ccc928788dacfcd11b36eb9b78e"
  dependencies:
    core-util-is "~1.0.0"
    inherits "~2.0.1"
    isarray "~1.0.0"
    process-nextick-args "~1.0.6"
    string_decoder "~0.10.x"
    util-deprecate "~1.0.1"

resolve@1.1.7:
  version "1.1.7"
  resolved "https://registry.yarnpkg.com/resolve/-/resolve-1.1.7.tgz#203114d82ad2c5ed9e8e0411b3932875e889e97b"

resolve@^1.1.3, resolve@^1.1.4:
  version "1.4.0"
  resolved "https://registry.yarnpkg.com/resolve/-/resolve-1.4.0.tgz#a75be01c53da25d934a98ebd0e4c4a7312f92a86"
  dependencies:
    path-parse "^1.0.5"

ripemd160@^2.0.0, ripemd160@^2.0.1:
  version "2.0.1"
  resolved "https://registry.yarnpkg.com/ripemd160/-/ripemd160-2.0.1.tgz#0f4584295c53a3628af7e6d79aca21ce57d1c6e7"
  dependencies:
    hash-base "^2.0.0"
    inherits "^2.0.1"

safe-buffer@^5.0.1, safe-buffer@^5.1.0, safe-buffer@^5.1.1, safe-buffer@~5.1.0, safe-buffer@~5.1.1:
  version "5.1.1"
  resolved "https://registry.yarnpkg.com/safe-buffer/-/safe-buffer-5.1.1.tgz#893312af69b2123def71f57889001671eeb2c853"

sha.js@^2.4.0, sha.js@^2.4.8, sha.js@~2.4.4:
  version "2.4.9"
  resolved "https://registry.yarnpkg.com/sha.js/-/sha.js-2.4.9.tgz#98f64880474b74f4a38b8da9d3c0f2d104633e7d"
  dependencies:
    inherits "^2.0.1"
    safe-buffer "^5.0.1"

shasum@^1.0.0:
  version "1.0.2"
  resolved "https://registry.yarnpkg.com/shasum/-/shasum-1.0.2.tgz#e7012310d8f417f4deb5712150e5678b87ae565f"
  dependencies:
    json-stable-stringify "~0.0.0"
    sha.js "~2.4.4"

shell-quote@^1.6.1:
  version "1.6.1"
  resolved "https://registry.yarnpkg.com/shell-quote/-/shell-quote-1.6.1.tgz#f4781949cce402697127430ea3b3c5476f481767"
  dependencies:
    array-filter "~0.0.0"
    array-map "~0.0.0"
    array-reduce "~0.0.0"
    jsonify "~0.0.0"

source-map@~0.5.3:
  version "0.5.7"
  resolved "https://registry.yarnpkg.com/source-map/-/source-map-0.5.7.tgz#8a039d2d1021d22d1ea14c80d8ea468ba2ef3fcc"

stream-browserify@^2.0.0:
  version "2.0.1"
  resolved "https://registry.yarnpkg.com/stream-browserify/-/stream-browserify-2.0.1.tgz#66266ee5f9bdb9940a4e4514cafb43bb71e5c9db"
  dependencies:
    inherits "~2.0.1"
    readable-stream "^2.0.2"

stream-combiner2@^1.1.1:
  version "1.1.1"
  resolved "https://registry.yarnpkg.com/stream-combiner2/-/stream-combiner2-1.1.1.tgz#fb4d8a1420ea362764e21ad4780397bebcb41cbe"
  dependencies:
    duplexer2 "~0.1.0"
    readable-stream "^2.0.2"

stream-http@^2.0.0:
  version "2.7.2"
  resolved "https://registry.yarnpkg.com/stream-http/-/stream-http-2.7.2.tgz#40a050ec8dc3b53b33d9909415c02c0bf1abfbad"
  dependencies:
    builtin-status-codes "^3.0.0"
    inherits "^2.0.1"
    readable-stream "^2.2.6"
    to-arraybuffer "^1.0.0"
    xtend "^4.0.0"

stream-splicer@^2.0.0:
  version "2.0.0"
  resolved "https://registry.yarnpkg.com/stream-splicer/-/stream-splicer-2.0.0.tgz#1b63be438a133e4b671cc1935197600175910d83"
  dependencies:
    inherits "^2.0.1"
    readable-stream "^2.0.2"

string_decoder@~0.10.0, string_decoder@~0.10.x:
  version "0.10.31"
  resolved "https://registry.yarnpkg.com/string_decoder/-/string_decoder-0.10.31.tgz#62e203bc41766c6c28c9fc84301dab1c5310fa94"

string_decoder@~1.0.3:
  version "1.0.3"
  resolved "https://registry.yarnpkg.com/string_decoder/-/string_decoder-1.0.3.tgz#0fc67d7c141825de94282dd536bec6b9bce860ab"
  dependencies:
    safe-buffer "~5.1.0"

subarg@^1.0.0:
  version "1.0.0"
  resolved "https://registry.yarnpkg.com/subarg/-/subarg-1.0.0.tgz#f62cf17581e996b48fc965699f54c06ae268b8d2"
  dependencies:
    minimist "^1.1.0"

syntax-error@^1.1.1:
  version "1.3.0"
  resolved "https://registry.yarnpkg.com/syntax-error/-/syntax-error-1.3.0.tgz#1ed9266c4d40be75dc55bf9bb1cb77062bb96ca1"
  dependencies:
    acorn "^4.0.3"

through2@^2.0.0:
  version "2.0.3"
  resolved "https://registry.yarnpkg.com/through2/-/through2-2.0.3.tgz#0004569b37c7c74ba39c43f3ced78d1ad94140be"
  dependencies:
    readable-stream "^2.1.5"
    xtend "~4.0.1"

"through@>=2.2.7 <3", through@~2.3.4:
  version "2.3.8"
  resolved "https://registry.yarnpkg.com/through/-/through-2.3.8.tgz#0dd4c9ffaabc357960b1b724115d7e0e86a2e1f5"

timers-browserify@^1.0.1:
  version "1.4.2"
  resolved "https://registry.yarnpkg.com/timers-browserify/-/timers-browserify-1.4.2.tgz#c9c58b575be8407375cb5e2462dacee74359f41d"
  dependencies:
    process "~0.11.0"

to-arraybuffer@^1.0.0:
  version "1.0.1"
  resolved "https://registry.yarnpkg.com/to-arraybuffer/-/to-arraybuffer-1.0.1.tgz#7d229b1fcc637e466ca081180836a7aabff83f43"

tty-browserify@~0.0.0:
  version "0.0.0"
  resolved "https://registry.yarnpkg.com/tty-browserify/-/tty-browserify-0.0.0.tgz#a157ba402da24e9bf957f9aa69d524eed42901a6"

typedarray@~0.0.5:
  version "0.0.6"
  resolved "https://registry.yarnpkg.com/typedarray/-/typedarray-0.0.6.tgz#867ac74e3864187b1d3d47d996a78ec5c8830777"

umd@^3.0.0:
  version "3.0.1"
  resolved "https://registry.yarnpkg.com/umd/-/umd-3.0.1.tgz#8ae556e11011f63c2596708a8837259f01b3d60e"

url@~0.11.0:
  version "0.11.0"
  resolved "https://registry.yarnpkg.com/url/-/url-0.11.0.tgz#3838e97cfc60521eb73c525a8e55bfdd9e2e28f1"
  dependencies:
    punycode "1.3.2"
    querystring "0.2.0"

util-deprecate@~1.0.1:
  version "1.0.2"
  resolved "https://registry.yarnpkg.com/util-deprecate/-/util-deprecate-1.0.2.tgz#450d4dc9fa70de732762fbd2d4a28981419a0ccf"

util@0.10.3, util@~0.10.1:
  version "0.10.3"
  resolved "https://registry.yarnpkg.com/util/-/util-0.10.3.tgz#7afb1afe50805246489e3db7fe0ed379336ac0f9"
  dependencies:
    inherits "2.0.1"

vm-browserify@~0.0.1:
  version "0.0.4"
  resolved "https://registry.yarnpkg.com/vm-browserify/-/vm-browserify-0.0.4.tgz#5d7ea45bbef9e4a6ff65f95438e0a87c357d5a73"
  dependencies:
    indexof "0.0.1"

wrappy@1:
  version "1.0.2"
  resolved "https://registry.yarnpkg.com/wrappy/-/wrappy-1.0.2.tgz#b5243d8f3ec1aa35f1364605bc0d1036e30ab69f"

xtend@^4.0.0, xtend@~4.0.1:
  version "4.0.1"
  resolved "https://registry.yarnpkg.com/xtend/-/xtend-4.0.1.tgz#a5c6d532be656e23db820efb943a1f04998d63af"
