# THIS IS AN AUTOGENERATED FILE. DO NOT EDIT THIS FILE DIRECTLY.
# yarn lockfile v1


acorn@^5.2.1:
  version "5.7.4"
  resolved "https://registry.yarnpkg.com/acorn/-/acorn-5.7.4.tgz#3e8d8a9947d0599a1796d10225d7432f4a4acf5e"
  integrity sha512-1D++VG7BhrtvQpNbBzovKNc1FLGGEE/oGe7b9xJm/RFHMBeUaUGpluV9RLjZa47YFdPcDAenEYuq9pQPcMdLJg==

amdefine@>=0.0.4:
  version "1.0.1"
  resolved "https://registry.yarnpkg.com/amdefine/-/amdefine-1.0.1.tgz#4a5282ac164729e93619bcfd3ad151f817ce91f5"
  integrity sha1-SlKCrBZHKek2Gbz9OtFR+BfOkfU=

asap@~2.0.3:
  version "2.0.6"
  resolved "https://registry.yarnpkg.com/asap/-/asap-2.0.6.tgz#e50347611d7e690943208bbdafebcbc2fb866d46"
  integrity sha1-5QNHYR1+aQlDIIu9r+vLwvuGbUY=

ast-types@0.9.6:
  version "0.9.6"
  resolved "https://registry.yarnpkg.com/ast-types/-/ast-types-0.9.6.tgz#102c9e9e9005d3e7e3829bf0c4fa24ee862ee9b9"
  integrity sha1-ECyenpAF0+fjgpvwxPok7oYu6bk=

balanced-match@^1.0.0:
  version "1.0.0"
  resolved "https://registry.yarnpkg.com/balanced-match/-/balanced-match-1.0.0.tgz#89b4d199ab2bee49de164ea02b89ce462d71b767"
  integrity sha1-ibTRmasr7kneFk6gK4nORi1xt2c=

base62@^1.1.0:
  version "1.2.8"
  resolved "https://registry.yarnpkg.com/base62/-/base62-1.2.8.tgz#1264cb0fb848d875792877479dbe8bae6bae3428"
  integrity sha512-V6YHUbjLxN1ymqNLb1DPHoU1CpfdL7d2YTIp5W3U4hhoG4hhxNmsFDs66M9EXxBiSEke5Bt5dwdfMwwZF70iLA==

brace-expansion@^1.1.7:
  version "1.1.11"
  resolved "https://registry.yarnpkg.com/brace-expansion/-/brace-expansion-1.1.11.tgz#3c7fcbf529d87226f3d2f52b966ff5271eb441dd"
  integrity sha512-iCuPHDFgrHX7H2vEI/5xpz07zSHB00TpugqhmYtVmMO6518mCuRMoOYFldEBl0g187ufozdaHgWKcYFb61qGiA==
  dependencies:
    balanced-match "^1.0.0"
    concat-map "0.0.1"

commander@^2.5.0:
  version "2.20.3"
  resolved "https://registry.yarnpkg.com/commander/-/commander-2.20.3.tgz#fd485e84c03eb4881c20722ba48035e8531aeb33"
  integrity sha512-GpVkmM8vF2vQUkj2LvZmD35JxeJOLCwJ9cUkugyk2nuhbv3+mJvpLYYt+0+USMxE+oj+ey/lJEnhZw75x/OMcQ==

commoner@^0.10.1:
  version "0.10.8"
  resolved "https://registry.yarnpkg.com/commoner/-/commoner-0.10.8.tgz#34fc3672cd24393e8bb47e70caa0293811f4f2c5"
  integrity sha1-NPw2cs0kOT6LtH5wyqApOBH08sU=
  dependencies:
    commander "^2.5.0"
    detective "^4.3.1"
    glob "^5.0.15"
    graceful-fs "^4.1.2"
    iconv-lite "^0.4.5"
    mkdirp "^0.5.0"
    private "^0.1.6"
    q "^1.1.2"
    recast "^0.11.17"

concat-map@0.0.1:
  version "0.0.1"
  resolved "https://registry.yarnpkg.com/concat-map/-/concat-map-0.0.1.tgz#d8a96bd77fd68df7793a73036a3ba0d5405d477b"
  integrity sha1-2Klr13/Wjfd5OnMDajug1UBdR3s=

core-js@^1.0.0:
  version "1.2.7"
  resolved "https://registry.yarnpkg.com/core-js/-/core-js-1.2.7.tgz#652294c14651db28fa93bd2d5ff2983a4f08c636"
  integrity sha1-ZSKUwUZR2yj6k70tX/KYOk8IxjY=

defined@^1.0.0:
  version "1.0.0"
  resolved "https://registry.yarnpkg.com/defined/-/defined-1.0.0.tgz#c98d9bcef75674188e110969151199e39b1fa693"
  integrity sha1-yY2bzvdWdBiOEQlpFRGZ45sfppM=

detective@^4.3.1:
  version "4.7.1"
  resolved "https://registry.yarnpkg.com/detective/-/detective-4.7.1.tgz#0eca7314338442febb6d65da54c10bb1c82b246e"
  integrity sha512-H6PmeeUcZloWtdt4DAkFyzFL94arpHr3NOwwmVILFiy+9Qd4JTxxXrzfyGk/lmct2qVGBwTSwSXagqu2BxmWig==
  dependencies:
    acorn "^5.2.1"
    defined "^1.0.0"

envify@^3.0.0:
  version "3.4.1"
  resolved "https://registry.yarnpkg.com/envify/-/envify-3.4.1.tgz#d7122329e8df1688ba771b12501917c9ce5cbce8"
  integrity sha1-1xIjKejfFoi6dxsSUBkXyc5cvOg=
  dependencies:
    jstransform "^11.0.3"
    through "~2.3.4"

esprima-fb@^15001.1.0-dev-harmony-fb:
  version "15001.1.0-dev-harmony-fb"
  resolved "https://registry.yarnpkg.com/esprima-fb/-/esprima-fb-15001.1.0-dev-harmony-fb.tgz#30a947303c6b8d5e955bee2b99b1d233206a6901"
  integrity sha1-MKlHMDxrjV6VW+4rmbHSMyBqaQE=

esprima@~3.1.0:
  version "3.1.3"
  resolved "https://registry.yarnpkg.com/esprima/-/esprima-3.1.3.tgz#fdca51cee6133895e3c88d535ce49dbff62a4633"
  integrity sha1-/cpRzuYTOJXjyI1TXOSdv/YqRjM=

fbjs@^0.6.1:
  version "0.6.1"
  resolved "https://registry.yarnpkg.com/fbjs/-/fbjs-0.6.1.tgz#9636b7705f5ba9684d44b72f78321254afc860f7"
  integrity sha1-lja3cF9bqWhNRLcveDISVK/IYPc=
  dependencies:
    core-js "^1.0.0"
    loose-envify "^1.0.0"
    promise "^7.0.3"
    ua-parser-js "^0.7.9"
    whatwg-fetch "^0.9.0"

glob@^5.0.15:
  version "5.0.15"
  resolved "https://registry.yarnpkg.com/glob/-/glob-5.0.15.tgz#1bc936b9e02f4a603fcc222ecf7633d30b8b93b1"
  integrity sha1-G8k2ueAvSmA/zCIuz3Yz0wuLk7E=
  dependencies:
    inflight "^1.0.4"
    inherits "2"
    minimatch "2 || 3"
    once "^1.3.0"
    path-is-absolute "^1.0.0"

graceful-fs@^4.1.2:
  version "4.2.4"
  resolved "https://registry.yarnpkg.com/graceful-fs/-/graceful-fs-4.2.4.tgz#2256bde14d3632958c465ebc96dc467ca07a29fb"
  integrity sha512-WjKPNJF79dtJAVniUlGGWHYGz2jWxT6VhN/4m1NdkbZ2nOsEF+cI1Edgql5zCRhs/VsQYRvrXctxktVXZUkixw==

iconv-lite@^0.4.5:
  version "0.4.24"
  resolved "https://registry.yarnpkg.com/iconv-lite/-/iconv-lite-0.4.24.tgz#2022b4b25fbddc21d2f524974a474aafe733908b"
  integrity sha512-v3MXnZAcvnywkTUEZomIActle7RXXeedOR31wwl7VlyoXO4Qi9arvSenNQWne1TcRwhCL1HwLI21bEqdpj8/rA==
  dependencies:
    safer-buffer ">= 2.1.2 < 3"

inflight@^1.0.4:
  version "1.0.6"
  resolved "https://registry.yarnpkg.com/inflight/-/inflight-1.0.6.tgz#49bd6331d7d02d0c09bc910a1075ba8165b56df9"
  integrity sha1-Sb1jMdfQLQwJvJEKEHW6gWW1bfk=
  dependencies:
    once "^1.3.0"
    wrappy "1"

inherits@2:
  version "2.0.4"
  resolved "https://registry.yarnpkg.com/inherits/-/inherits-2.0.4.tgz#0fa2c64f932917c3433a0ded55363aae37416b7c"
  integrity sha512-k/vGaX4/Yla3WzyMCvTQOXYeIHvqOKtnqBduzTHpzpQZzAskKMhZ2K+EnBiSM9zGSoIFeMpXKxa4dYeZIQqewQ==

"js-tokens@^3.0.0 || ^4.0.0":
  version "4.0.0"
  resolved "https://registry.yarnpkg.com/js-tokens/-/js-tokens-4.0.0.tgz#19203fb59991df98e3a287050d4647cdeaf32499"
  integrity sha512-RdJUflcE3cUzKiMqQgsCu06FPu9UdIJO0beYbPhHN4k6apgJtifcoCtT9bcxOpYBtpD2kCM6Sbzg4CausW/PKQ==

jstransform@^11.0.3:
  version "11.0.3"
  resolved "https://registry.yarnpkg.com/jstransform/-/jstransform-11.0.3.tgz#09a78993e0ae4d4ef4487f6155a91f6190cb4223"
  integrity sha1-CaeJk+CuTU70SH9hVakfYZDLQiM=
  dependencies:
    base62 "^1.1.0"
    commoner "^0.10.1"
    esprima-fb "^15001.1.0-dev-harmony-fb"
    object-assign "^2.0.0"
    source-map "^0.4.2"

loose-envify@^1.0.0:
  version "1.4.0"
  resolved "https://registry.yarnpkg.com/loose-envify/-/loose-envify-1.4.0.tgz#71ee51fa7be4caec1a63839f7e682d8132d30caf"
  integrity sha512-lyuxPGr/Wfhrlem2CL/UcnUc1zcqKAImBDzukY7Y5F/yQiNdko6+fRLevlw1HgMySw7f611UIY408EtxRSoK3Q==
  dependencies:
    js-tokens "^3.0.0 || ^4.0.0"

"minimatch@2 || 3":
  version "3.0.4"
  resolved "https://registry.yarnpkg.com/minimatch/-/minimatch-3.0.4.tgz#5166e286457f03306064be5497e8dbb0c3d32083"
  integrity sha512-yJHVQEhyqPLUTgt9B83PXu6W3rx4MvvHvSUvToogpwoGDOUQ+yDrR0HRot+yOCdCO7u4hX3pWft6kWBBcqh0UA==
  dependencies:
    brace-expansion "^1.1.7"

minimist@^1.2.5:
  version "1.2.5"
  resolved "https://registry.yarnpkg.com/minimist/-/minimist-1.2.5.tgz#67d66014b66a6a8aaa0c083c5fd58df4e4e97602"
  integrity sha512-FM9nNUYrRBAELZQT3xeZQ7fmMOBg6nWNmJKTcgsJeaLstP/UODVpGsr5OhXhhXg6f+qtJ8uiZ+PUxkDWcgIXLw==

mkdirp@^0.5.0:
  version "0.5.5"
  resolved "https://registry.yarnpkg.com/mkdirp/-/mkdirp-0.5.5.tgz#d91cefd62d1436ca0f41620e251288d420099def"
  integrity sha512-NKmAlESf6jMGym1++R0Ra7wvhV+wFW63FaSOFPwRahvea0gMUcGUhVeAg/0BC0wiv9ih5NYPB1Wn1UEI1/L+xQ==
  dependencies:
    minimist "^1.2.5"

object-assign@^2.0.0:
  version "2.1.1"
  resolved "https://registry.yarnpkg.com/object-assign/-/object-assign-2.1.1.tgz#43c36e5d569ff8e4816c4efa8be02d26967c18aa"
  integrity sha1-Q8NuXVaf+OSBbE76i+AtJpZ8GKo=

once@^1.3.0:
  version "1.4.0"
  resolved "https://registry.yarnpkg.com/once/-/once-1.4.0.tgz#583b1aa775961d4b113ac17d9c50baef9dd76bd1"
  integrity sha1-WDsap3WWHUsROsF9nFC6753Xa9E=
  dependencies:
    wrappy "1"

path-is-absolute@^1.0.0:
  version "1.0.1"
  resolved "https://registry.yarnpkg.com/path-is-absolute/-/path-is-absolute-1.0.1.tgz#174b9268735534ffbc7ace6bf53a5a9e1b5c5f5f"
  integrity sha1-F0uSaHNVNP+8es5r9TpanhtcX18=

private@^0.1.6, private@~0.1.5:
  version "0.1.8"
  resolved "https://registry.yarnpkg.com/private/-/private-0.1.8.tgz#2381edb3689f7a53d653190060fcf822d2f368ff"
  integrity sha512-VvivMrbvd2nKkiG38qjULzlc+4Vx4wm/whI9pQD35YrARNnhxeiRktSOhSukRLFNlzg6Br/cJPet5J/u19r/mg==

promise@^7.0.3:
  version "7.3.1"
  resolved "https://registry.yarnpkg.com/promise/-/promise-7.3.1.tgz#064b72602b18f90f29192b8b1bc418ffd1ebd3bf"
  integrity sha512-nolQXZ/4L+bP/UGlkfaIujX9BKxGwmQ9OT4mOt5yvy8iK1h3wqTEJCijzGANTCCl9nWjY41juyAn2K3Q1hLLTg==
  dependencies:
    asap "~2.0.3"

q@^1.1.2:
  version "1.5.1"
  resolved "https://registry.yarnpkg.com/q/-/q-1.5.1.tgz#7e32f75b41381291d04611f1bf14109ac00651d7"
  integrity sha1-fjL3W0E4EpHQRhHxvxQQmsAGUdc=

react-dom@0.14:
  version "0.14.9"
  resolved "https://registry.yarnpkg.com/react-dom/-/react-dom-0.14.9.tgz#05064a3dcf0fb1880a3b2bfc9d58c55d8d9f6293"
  integrity sha1-BQZKPc8PsYgKOyv8nVjFXY2fYpM=

react@0.14:
  version "0.14.9"
  resolved "https://registry.yarnpkg.com/react/-/react-0.14.9.tgz#9110a6497c49d44ba1c0edd317aec29c2e0d91d1"
  integrity sha1-kRCmSXxJ1EuhwO3TF67CnC4NkdE=
  dependencies:
    envify "^3.0.0"
    fbjs "^0.6.1"

recast@^0.11.17:
  version "0.11.23"
  resolved "https://registry.yarnpkg.com/recast/-/recast-0.11.23.tgz#451fd3004ab1e4df9b4e4b66376b2a21912462d3"
  integrity sha1-RR/TAEqx5N+bTktmN2sqIZEkYtM=
  dependencies:
    ast-types "0.9.6"
    esprima "~3.1.0"
    private "~0.1.5"
    source-map "~0.5.0"

"safer-buffer@>= 2.1.2 < 3":
  version "2.1.2"
  resolved "https://registry.yarnpkg.com/safer-buffer/-/safer-buffer-2.1.2.tgz#44fa161b0187b9549dd84bb91802f9bd8385cd6a"
  integrity sha512-YZo3K82SD7Riyi0E1EQPojLz7kpepnSQI9IyPbHHg1XXXevb5dJI7tpyN2ADxGcQbHG7vcyRHk0cbwqcQriUtg==

source-map@^0.4.2:
  version "0.4.4"
  resolved "https://registry.yarnpkg.com/source-map/-/source-map-0.4.4.tgz#eba4f5da9c0dc999de68032d8b4f76173652036b"
  integrity sha1-66T12pwNyZneaAMti092FzZSA2s=
  dependencies:
    amdefine ">=0.0.4"

source-map@~0.5.0:
  version "0.5.7"
  resolved "https://registry.yarnpkg.com/source-map/-/source-map-0.5.7.tgz#8a039d2d1021d22d1ea14c80d8ea468ba2ef3fcc"
  integrity sha1-igOdLRAh0i0eoUyA2OpGi6LvP8w=

through@~2.3.4:
  version "2.3.8"
  resolved "https://registry.yarnpkg.com/through/-/through-2.3.8.tgz#0dd4c9ffaabc357960b1b724115d7e0e86a2e1f5"
  integrity sha1-DdTJ/6q8NXlgsbckEV1+Doai4fU=

ua-parser-js@^0.7.9:
  version "0.7.33"
  resolved "https://registry.yarnpkg.com/ua-parser-js/-/ua-parser-js-0.7.33.tgz#1d04acb4ccef9293df6f70f2c3d22f3030d8b532"
  integrity sha512-s8ax/CeZdK9R/56Sui0WM6y9OFREJarMRHqLB2EwkovemBxNQ+Bqu8GAsUnVcXKgphb++ghr/B2BZx4mahujPw==

whatwg-fetch@^0.9.0:
  version "0.9.0"
  resolved "https://registry.yarnpkg.com/whatwg-fetch/-/whatwg-fetch-0.9.0.tgz#0e3684c6cb9995b43efc9df03e4c365d95fd9cc0"
  integrity sha1-DjaExsuZlbQ+/J3wPkw2XZX9nMA=

wrappy@1:
  version "1.0.2"
  resolved "https://registry.yarnpkg.com/wrappy/-/wrappy-1.0.2.tgz#b5243d8f3ec1aa35f1364605bc0d1036e30ab69f"
  integrity sha1-tSQ9jz7BqjXxNkYFvA0QNuMKtp8=
