# THIS IS AN AUTOGENERATED FILE. DO NOT EDIT THIS FILE DIRECTLY.
# yarn lockfile v1


"@napi-rs/cli@^2.15.2":
  version "2.16.3"
  resolved "https://registry.yarnpkg.com/@napi-rs/cli/-/cli-2.16.3.tgz#6943d0614bbb4900a97b18ae074f735864f78c4b"
  integrity sha512-3mLNPlbbOhpbIUKicLrJtIearlHXUuXL3UeueYyRRplpVMNkdn8xCyzY6PcYZi3JXR8bmCOiWgkVmLnrSL7DKw==
