# This file is generated by running "yarn install" inside your project.
# Manual changes might be lost - proceed with caution!

__metadata:
  version: 8
  cacheKey: 10c0

"@napi-rs/cli@npm:^2.15.2":
  version: 2.16.3
  resolution: "@napi-rs/cli@npm:2.16.3"
  bin:
    napi: scripts/index.js
  checksum: 10c0/9531d1aeb9bf40529c873b73c3dc5277ca28ff3bc97779f736732ef50b2de0719167e11397d193a1dd674d54c823c2b5fd3970c0cda9ea9e68444c1c2c29bded
  languageName: node
  linkType: hard

"@react/forget-napi@workspace:.":
  version: 0.0.0-use.local
  resolution: "@react/forget-napi@workspace:."
  dependencies:
    "@napi-rs/cli": "npm:^2.15.2"
  languageName: unknown
  linkType: soft
