# THIS IS AN AUTOGENERATED FILE. DO NOT EDIT THIS FILE DIRECTLY.
# yarn lockfile v1


"js-tokens@^3.0.0 || ^4.0.0":
  version "4.0.0"
  resolved "https://registry.yarnpkg.com/js-tokens/-/js-tokens-4.0.0.tgz#19203fb59991df98e3a287050d4647cdeaf32499"
  integrity sha512-RdJUflcE3cUzKiMqQgsCu06FPu9UdIJO0beYbPhHN4k6apgJtifcoCtT9bcxOpYBtpD2kCM6Sbzg4CausW/PKQ==

loose-envify@^1.1.0, loose-envify@^1.4.0:
  version "1.4.0"
  resolved "https://registry.yarnpkg.com/loose-envify/-/loose-envify-1.4.0.tgz#71ee51fa7be4caec1a63839f7e682d8132d30caf"
  integrity sha512-lyuxPGr/Wfhrlem2CL/UcnUc1zcqKAImBDzukY7Y5F/yQiNdko6+fRLevlw1HgMySw7f611UIY408EtxRSoK3Q==
  dependencies:
    js-tokens "^3.0.0 || ^4.0.0"

object-assign@^4.1.1:
  version "4.1.1"
  resolved "https://registry.yarnpkg.com/object-assign/-/object-assign-4.1.1.tgz#2109adc7965887cfc05cbbd442cac8bfbb360863"
  integrity sha1-IQmtx5ZYh8/AXLvUQsrIv7s2CGM=

prop-types@^15.7.2:
  version "15.7.2"
  resolved "https://registry.yarnpkg.com/prop-types/-/prop-types-15.7.2.tgz#52c41e75b8c87e72b9d9360e0206b99dcbffa6c5"
  integrity sha512-8QQikdH7//R2vurIJSutZ1smHYTcLpRWEOlHnzcWHmBYrOGUysKwSsrC89BCiFj3CbrfJ/nXFdJepOVrY1GCHQ==
  dependencies:
    loose-envify "^1.4.0"
    object-assign "^4.1.1"
    react-is "^16.8.1"

react-dom@17.0.0-rc.3:
  version "17.0.0-rc.3"
  resolved "https://registry.yarnpkg.com/react-dom/-/react-dom-17.0.0-rc.3.tgz#6254f82c62ed569a2a90dcf1c7b71d4d8d951744"
  integrity sha512-rrmZ91kdXBaCVomiNUQ1WvEClb5GcmxewGurd3FnsXKJBOhFdlkGbT5MY5ZQkMXH5xnIvs5ZEEB2iBr2ZqKiqg==
  dependencies:
    loose-envify "^1.1.0"
    object-assign "^4.1.1"
    scheduler "0.20.0-rc.3"

react-is@^16.8.1:
  version "16.13.1"
  resolved "https://registry.yarnpkg.com/react-is/-/react-is-16.13.1.tgz#789729a4dc36de2999dc156dd6c1d9c18cea56a4"
  integrity sha512-24e6ynE2H+OKt4kqsOvNd8kBpV65zoxbA4BVsEOB3ARVWQki/DHzaUoC5KuON/BiccDaCCTZBuOcfZs70kR8bQ==

react@17.0.0-rc.3:
  version "17.0.0-rc.3"
  resolved "https://registry.yarnpkg.com/react/-/react-17.0.0-rc.3.tgz#ccb426b0146a8c10ee92c2a72d9d813a16a55806"
  integrity sha512-b1vEcXBmlN2Bu+k57jq2ytEo5p28g5fdRfc02JRdnvGZKKphvlUnAfsrUHiOmUtL/6wvFIusi2zxp8t60fihfw==
  dependencies:
    loose-envify "^1.1.0"
    object-assign "^4.1.1"

scheduler@0.20.0-rc.3:
  version "0.20.0-rc.3"
  resolved "https://registry.yarnpkg.com/scheduler/-/scheduler-0.20.0-rc.3.tgz#ce616ebdd4073f5026718960d7e2d0928788c626"
  integrity sha512-rPwhSgPKhRqximLHdl+oJ/8HVcMS2vyZlH74OQHqKbH04ONgKNkJ13DZLPdFSYFos8FUj6+PduO9+OoRaG6QWQ==
  dependencies:
    loose-envify "^1.1.0"
    object-assign "^4.1.1"
